// !$*UTF8*$!
{
	archiveVersion = 1;
	classes = {
	};
	objectVersion = 77;
	objects = {

/* Begin PBXBuildFile section */
		566155202D7E535300065CCD /* WidgetKit.framework in Frameworks */ = {isa = PBXBuildFile; fileRef = 5661551F2D7E535300065CCD /* WidgetKit.framework */; };
		566155222D7E535300065CCD /* SwiftUI.framework in Frameworks */ = {isa = PBXBuildFile; fileRef = 566155212D7E535300065CCD /* SwiftUI.framework */; };
		566155332D7E535600065CCD /* QuotesWidgetExtension.appex in Embed Foundation Extensions */ = {isa = PBXBuildFile; fileRef = 5661551D2D7E535300065CCD /* QuotesWidgetExtension.appex */; settings = {ATTRIBUTES = (RemoveHeadersOnCopy, ); }; };
/* End PBXBuildFile section */

/* Begin PBXContainerItemProxy section */
		566155312D7E535600065CCD /* PBXContainerItemProxy */ = {
			isa = PBXContainerItemProxy;
			containerPortal = 567DA0762D7BDDF4000B5EB1 /* Project object */;
			proxyType = 1;
			remoteGlobalIDString = 5661551C2D7E535300065CCD;
			remoteInfo = QuotesWidgetExtension;
		};
		567DA08F2D7BDDF8000B5EB1 /* PBXContainerItemProxy */ = {
			isa = PBXContainerItemProxy;
			containerPortal = 567DA0762D7BDDF4000B5EB1 /* Project object */;
			proxyType = 1;
			remoteGlobalIDString = 567DA07D2D7BDDF4000B5EB1;
			remoteInfo = Quotes;
		};
		567DA0992D7BDDF8000B5EB1 /* PBXContainerItemProxy */ = {
			isa = PBXContainerItemProxy;
			containerPortal = 567DA0762D7BDDF4000B5EB1 /* Project object */;
			proxyType = 1;
			remoteGlobalIDString = 567DA07D2D7BDDF4000B5EB1;
			remoteInfo = Quotes;
		};
/* End PBXContainerItemProxy section */

/* Begin PBXCopyFilesBuildPhase section */
		566155342D7E535600065CCD /* Embed Foundation Extensions */ = {
			isa = PBXCopyFilesBuildPhase;
			buildActionMask = 2147483647;
			dstPath = "";
			dstSubfolderSpec = 13;
			files = (
				566155332D7E535600065CCD /* QuotesWidgetExtension.appex in Embed Foundation Extensions */,
			);
			name = "Embed Foundation Extensions";
			runOnlyForDeploymentPostprocessing = 0;
		};
/* End PBXCopyFilesBuildPhase section */

/* Begin PBXFileReference section */
		5661551D2D7E535300065CCD /* QuotesWidgetExtension.appex */ = {isa = PBXFileReference; explicitFileType = "wrapper.app-extension"; includeInIndex = 0; path = QuotesWidgetExtension.appex; sourceTree = BUILT_PRODUCTS_DIR; };
		5661551F2D7E535300065CCD /* WidgetKit.framework */ = {isa = PBXFileReference; lastKnownFileType = wrapper.framework; name = WidgetKit.framework; path = System/Library/Frameworks/WidgetKit.framework; sourceTree = SDKROOT; };
		566155212D7E535300065CCD /* SwiftUI.framework */ = {isa = PBXFileReference; lastKnownFileType = wrapper.framework; name = SwiftUI.framework; path = System/Library/Frameworks/SwiftUI.framework; sourceTree = SDKROOT; };
		5661553A2D7E770C00065CCD /* QuotesWidgetExtension.entitlements */ = {isa = PBXFileReference; lastKnownFileType = text.plist.entitlements; path = QuotesWidgetExtension.entitlements; sourceTree = "<group>"; };
		567DA07E2D7BDDF4000B5EB1 /* Quotes.app */ = {isa = PBXFileReference; explicitFileType = wrapper.application; includeInIndex = 0; path = Quotes.app; sourceTree = BUILT_PRODUCTS_DIR; };
		567DA08E2D7BDDF8000B5EB1 /* QuotesTests.xctest */ = {isa = PBXFileReference; explicitFileType = wrapper.cfbundle; includeInIndex = 0; path = QuotesTests.xctest; sourceTree = BUILT_PRODUCTS_DIR; };
		567DA0982D7BDDF8000B5EB1 /* QuotesUITests.xctest */ = {isa = PBXFileReference; explicitFileType = wrapper.cfbundle; includeInIndex = 0; path = QuotesUITests.xctest; sourceTree = BUILT_PRODUCTS_DIR; };
/* End PBXFileReference section */

/* Begin PBXFileSystemSynchronizedBuildFileExceptionSet section */
		566155382D7E535600065CCD /* Exceptions for "QuotesWidget" folder in "QuotesWidgetExtension" target */ = {
			isa = PBXFileSystemSynchronizedBuildFileExceptionSet;
			membershipExceptions = (
				Info.plist,
			);
			target = 5661551C2D7E535300065CCD /* QuotesWidgetExtension */;
		};
		567DA0C62D7CE15B000B5EB1 /* Exceptions for "Quotes" folder in "Quotes" target */ = {
			isa = PBXFileSystemSynchronizedBuildFileExceptionSet;
			membershipExceptions = (
				Info.plist,
			);
			target = 567DA07D2D7BDDF4000B5EB1 /* Quotes */;
		};
/* End PBXFileSystemSynchronizedBuildFileExceptionSet section */

/* Begin PBXFileSystemSynchronizedRootGroup section */
		566155232D7E535300065CCD /* QuotesWidget */ = {
			isa = PBXFileSystemSynchronizedRootGroup;
			exceptions = (
				566155382D7E535600065CCD /* Exceptions for "QuotesWidget" folder in "QuotesWidgetExtension" target */,
			);
			path = QuotesWidget;
			sourceTree = "<group>";
		};
		567DA0802D7BDDF4000B5EB1 /* Quotes */ = {
			isa = PBXFileSystemSynchronizedRootGroup;
			exceptions = (
				567DA0C62D7CE15B000B5EB1 /* Exceptions for "Quotes" folder in "Quotes" target */,
			);
			path = Quotes;
			sourceTree = "<group>";
		};
		567DA0912D7BDDF8000B5EB1 /* QuotesTests */ = {
			isa = PBXFileSystemSynchronizedRootGroup;
			path = QuotesTests;
			sourceTree = "<group>";
		};
		567DA09B2D7BDDF8000B5EB1 /* QuotesUITests */ = {
			isa = PBXFileSystemSynchronizedRootGroup;
			path = QuotesUITests;
			sourceTree = "<group>";
		};
/* End PBXFileSystemSynchronizedRootGroup section */

/* Begin PBXFrameworksBuildPhase section */
		5661551A2D7E535300065CCD /* Frameworks */ = {
			isa = PBXFrameworksBuildPhase;
			buildActionMask = 2147483647;
			files = (
				566155222D7E535300065CCD /* SwiftUI.framework in Frameworks */,
				566155202D7E535300065CCD /* WidgetKit.framework in Frameworks */,
			);
			runOnlyForDeploymentPostprocessing = 0;
		};
		567DA07B2D7BDDF4000B5EB1 /* Frameworks */ = {
			isa = PBXFrameworksBuildPhase;
			buildActionMask = 2147483647;
			files = (
			);
			runOnlyForDeploymentPostprocessing = 0;
		};
		567DA08B2D7BDDF8000B5EB1 /* Frameworks */ = {
			isa = PBXFrameworksBuildPhase;
			buildActionMask = 2147483647;
			files = (
			);
			runOnlyForDeploymentPostprocessing = 0;
		};
		567DA0952D7BDDF8000B5EB1 /* Frameworks */ = {
			isa = PBXFrameworksBuildPhase;
			buildActionMask = 2147483647;
			files = (
			);
			runOnlyForDeploymentPostprocessing = 0;
		};
/* End PBXFrameworksBuildPhase section */

/* Begin PBXGroup section */
		5661551E2D7E535300065CCD /* Frameworks */ = {
			isa = PBXGroup;
			children = (
				5661551F2D7E535300065CCD /* WidgetKit.framework */,
				566155212D7E535300065CCD /* SwiftUI.framework */,
			);
			name = Frameworks;
			sourceTree = "<group>";
		};
		567DA0752D7BDDF4000B5EB1 = {
			isa = PBXGroup;
			children = (
				5661553A2D7E770C00065CCD /* QuotesWidgetExtension.entitlements */,
				567DA0802D7BDDF4000B5EB1 /* Quotes */,
				567DA0912D7BDDF8000B5EB1 /* QuotesTests */,
				567DA09B2D7BDDF8000B5EB1 /* QuotesUITests */,
				566155232D7E535300065CCD /* QuotesWidget */,
				5661551E2D7E535300065CCD /* Frameworks */,
				567DA07F2D7BDDF4000B5EB1 /* Products */,
			);
			sourceTree = "<group>";
		};
		567DA07F2D7BDDF4000B5EB1 /* Products */ = {
			isa = PBXGroup;
			children = (
				567DA07E2D7BDDF4000B5EB1 /* Quotes.app */,
				567DA08E2D7BDDF8000B5EB1 /* QuotesTests.xctest */,
				567DA0982D7BDDF8000B5EB1 /* QuotesUITests.xctest */,
				5661551D2D7E535300065CCD /* QuotesWidgetExtension.appex */,
			);
			name = Products;
			sourceTree = "<group>";
		};
/* End PBXGroup section */

/* Begin PBXNativeTarget section */
		5661551C2D7E535300065CCD /* QuotesWidgetExtension */ = {
			isa = PBXNativeTarget;
			buildConfigurationList = 566155372D7E535600065CCD /* Build configuration list for PBXNativeTarget "QuotesWidgetExtension" */;
			buildPhases = (
				566155192D7E535300065CCD /* Sources */,
				5661551A2D7E535300065CCD /* Frameworks */,
				5661551B2D7E535300065CCD /* Resources */,
			);
			buildRules = (
			);
			dependencies = (
			);
			fileSystemSynchronizedGroups = (
				566155232D7E535300065CCD /* QuotesWidget */,
			);
			name = QuotesWidgetExtension;
			packageProductDependencies = (
			);
			productName = QuotesWidgetExtension;
			productReference = 5661551D2D7E535300065CCD /* QuotesWidgetExtension.appex */;
			productType = "com.apple.product-type.app-extension";
		};
		567DA07D2D7BDDF4000B5EB1 /* Quotes */ = {
			isa = PBXNativeTarget;
			buildConfigurationList = 567DA0A22D7BDDF8000B5EB1 /* Build configuration list for PBXNativeTarget "Quotes" */;
			buildPhases = (
				567DA07A2D7BDDF4000B5EB1 /* Sources */,
				567DA07B2D7BDDF4000B5EB1 /* Frameworks */,
				567DA07C2D7BDDF4000B5EB1 /* Resources */,
				566155342D7E535600065CCD /* Embed Foundation Extensions */,
			);
			buildRules = (
			);
			dependencies = (
				566155322D7E535600065CCD /* PBXTargetDependency */,
			);
			fileSystemSynchronizedGroups = (
				567DA0802D7BDDF4000B5EB1 /* Quotes */,
			);
			name = Quotes;
			packageProductDependencies = (
			);
			productName = Quotes;
			productReference = 567DA07E2D7BDDF4000B5EB1 /* Quotes.app */;
			productType = "com.apple.product-type.application";
		};
		567DA08D2D7BDDF8000B5EB1 /* QuotesTests */ = {
			isa = PBXNativeTarget;
			buildConfigurationList = 567DA0A52D7BDDF8000B5EB1 /* Build configuration list for PBXNativeTarget "QuotesTests" */;
			buildPhases = (
				567DA08A2D7BDDF8000B5EB1 /* Sources */,
				567DA08B2D7BDDF8000B5EB1 /* Frameworks */,
				567DA08C2D7BDDF8000B5EB1 /* Resources */,
			);
			buildRules = (
			);
			dependencies = (
				567DA0902D7BDDF8000B5EB1 /* PBXTargetDependency */,
			);
			fileSystemSynchronizedGroups = (
				567DA0912D7BDDF8000B5EB1 /* QuotesTests */,
			);
			name = QuotesTests;
			packageProductDependencies = (
			);
			productName = QuotesTests;
			productReference = 567DA08E2D7BDDF8000B5EB1 /* QuotesTests.xctest */;
			productType = "com.apple.product-type.bundle.unit-test";
		};
		567DA0972D7BDDF8000B5EB1 /* QuotesUITests */ = {
			isa = PBXNativeTarget;
			buildConfigurationList = 567DA0A82D7BDDF8000B5EB1 /* Build configuration list for PBXNativeTarget "QuotesUITests" */;
			buildPhases = (
				567DA0942D7BDDF8000B5EB1 /* Sources */,
				567DA0952D7BDDF8000B5EB1 /* Frameworks */,
				567DA0962D7BDDF8000B5EB1 /* Resources */,
			);
			buildRules = (
			);
			dependencies = (
				567DA09A2D7BDDF8000B5EB1 /* PBXTargetDependency */,
			);
			fileSystemSynchronizedGroups = (
				567DA09B2D7BDDF8000B5EB1 /* QuotesUITests */,
			);
			name = QuotesUITests;
			packageProductDependencies = (
			);
			productName = QuotesUITests;
			productReference = 567DA0982D7BDDF8000B5EB1 /* QuotesUITests.xctest */;
			productType = "com.apple.product-type.bundle.ui-testing";
		};
/* End PBXNativeTarget section */

/* Begin PBXProject section */
		567DA0762D7BDDF4000B5EB1 /* Project object */ = {
			isa = PBXProject;
			attributes = {
				BuildIndependentTargetsInParallel = 1;
				LastSwiftUpdateCheck = 1620;
				LastUpgradeCheck = 1620;
				TargetAttributes = {
					5661551C2D7E535300065CCD = {
						CreatedOnToolsVersion = 16.2;
					};
					567DA07D2D7BDDF4000B5EB1 = {
						CreatedOnToolsVersion = 16.2;
					};
					567DA08D2D7BDDF8000B5EB1 = {
						CreatedOnToolsVersion = 16.2;
						TestTargetID = 567DA07D2D7BDDF4000B5EB1;
					};
					567DA0972D7BDDF8000B5EB1 = {
						CreatedOnToolsVersion = 16.2;
						TestTargetID = 567DA07D2D7BDDF4000B5EB1;
					};
				};
			};
			buildConfigurationList = 567DA0792D7BDDF4000B5EB1 /* Build configuration list for PBXProject "Quotes" */;
			developmentRegion = en;
			hasScannedForEncodings = 0;
			knownRegions = (
				en,
				Base,
			);
			mainGroup = 567DA0752D7BDDF4000B5EB1;
			minimizedProjectReferenceProxies = 1;
			preferredProjectObjectVersion = 77;
			productRefGroup = 567DA07F2D7BDDF4000B5EB1 /* Products */;
			projectDirPath = "";
			projectRoot = "";
			targets = (
				567DA07D2D7BDDF4000B5EB1 /* Quotes */,
				567DA08D2D7BDDF8000B5EB1 /* QuotesTests */,
				567DA0972D7BDDF8000B5EB1 /* QuotesUITests */,
				5661551C2D7E535300065CCD /* QuotesWidgetExtension */,
			);
		};
/* End PBXProject section */

/* Begin PBXResourcesBuildPhase section */
		5661551B2D7E535300065CCD /* Resources */ = {
			isa = PBXResourcesBuildPhase;
			buildActionMask = 2147483647;
			files = (
			);
			runOnlyForDeploymentPostprocessing = 0;
		};
		567DA07C2D7BDDF4000B5EB1 /* Resources */ = {
			isa = PBXResourcesBuildPhase;
			buildActionMask = 2147483647;
			files = (
			);
			runOnlyForDeploymentPostprocessing = 0;
		};
		567DA08C2D7BDDF8000B5EB1 /* Resources */ = {
			isa = PBXResourcesBuildPhase;
			buildActionMask = 2147483647;
			files = (
			);
			runOnlyForDeploymentPostprocessing = 0;
		};
		567DA0962D7BDDF8000B5EB1 /* Resources */ = {
			isa = PBXResourcesBuildPhase;
			buildActionMask = 2147483647;
			files = (
			);
			runOnlyForDeploymentPostprocessing = 0;
		};
/* End PBXResourcesBuildPhase section */

/* Begin PBXSourcesBuildPhase section */
		566155192D7E535300065CCD /* Sources */ = {
			isa = PBXSourcesBuildPhase;
			buildActionMask = 2147483647;
			files = (
			);
			runOnlyForDeploymentPostprocessing = 0;
		};
		567DA07A2D7BDDF4000B5EB1 /* Sources */ = {
			isa = PBXSourcesBuildPhase;
			buildActionMask = 2147483647;
			files = (
			);
			runOnlyForDeploymentPostprocessing = 0;
		};
		567DA08A2D7BDDF8000B5EB1 /* Sources */ = {
			isa = PBXSourcesBuildPhase;
			buildActionMask = 2147483647;
			files = (
			);
			runOnlyForDeploymentPostprocessing = 0;
		};
		567DA0942D7BDDF8000B5EB1 /* Sources */ = {
			isa = PBXSourcesBuildPhase;
			buildActionMask = 2147483647;
			files = (
			);
			runOnlyForDeploymentPostprocessing = 0;
		};
/* End PBXSourcesBuildPhase section */

/* Begin PBXTargetDependency section */
		566155322D7E535600065CCD /* PBXTargetDependency */ = {
			isa = PBXTargetDependency;
			target = 5661551C2D7E535300065CCD /* QuotesWidgetExtension */;
			targetProxy = 566155312D7E535600065CCD /* PBXContainerItemProxy */;
		};
		567DA0902D7BDDF8000B5EB1 /* PBXTargetDependency */ = {
			isa = PBXTargetDependency;
			target = 567DA07D2D7BDDF4000B5EB1 /* Quotes */;
			targetProxy = 567DA08F2D7BDDF8000B5EB1 /* PBXContainerItemProxy */;
		};
		567DA09A2D7BDDF8000B5EB1 /* PBXTargetDependency */ = {
			isa = PBXTargetDependency;
			target = 567DA07D2D7BDDF4000B5EB1 /* Quotes */;
			targetProxy = 567DA0992D7BDDF8000B5EB1 /* PBXContainerItemProxy */;
		};
/* End PBXTargetDependency section */

/* Begin XCBuildConfiguration section */
		566155352D7E535600065CCD /* Debug */ = {
			isa = XCBuildConfiguration;
			buildSettings = {
				ASSETCATALOG_COMPILER_GLOBAL_ACCENT_COLOR_NAME = AccentColor;
				ASSETCATALOG_COMPILER_WIDGET_BACKGROUND_COLOR_NAME = WidgetBackground;
				CODE_SIGN_ENTITLEMENTS = QuotesWidgetExtension.entitlements;
				CODE_SIGN_STYLE = Automatic;
				CURRENT_PROJECT_VERSION = 1;
				DEVELOPMENT_TEAM = Z82A448TD7;
				GENERATE_INFOPLIST_FILE = YES;
				INFOPLIST_FILE = QuotesWidget/Info.plist;
				INFOPLIST_KEY_CFBundleDisplayName = QuotesWidget;
				INFOPLIST_KEY_NSHumanReadableCopyright = "";
				LD_RUNPATH_SEARCH_PATHS = (
					"$(inherited)",
					"@executable_path/Frameworks",
					"@executable_path/../../Frameworks",
				);
				MARKETING_VERSION = 1.0;
				PRODUCT_BUNDLE_IDENTIFIER = "com.example.apple-samplecode.Quotes.QuotesWidget";
				PRODUCT_NAME = "$(TARGET_NAME)";
				SKIP_INSTALL = YES;
				SWIFT_EMIT_LOC_STRINGS = YES;
				SWIFT_VERSION = 5.0;
				TARGETED_DEVICE_FAMILY = "1,2";
			};
			name = Debug;
		};
		566155362D7E535600065CCD /* Release */ = {
			isa = XCBuildConfiguration;
			buildSettings = {
				ASSETCATALOG_COMPILER_GLOBAL_ACCENT_COLOR_NAME = AccentColor;
				ASSETCATALOG_COMPILER_WIDGET_BACKGROUND_COLOR_NAME = WidgetBackground;
				CODE_SIGN_ENTITLEMENTS = QuotesWidgetExtension.entitlements;
				CODE_SIGN_STYLE = Automatic;
				CURRENT_PROJECT_VERSION = 1;
				DEVELOPMENT_TEAM = Z82A448TD7;
				GENERATE_INFOPLIST_FILE = YES;
				INFOPLIST_FILE = QuotesWidget/Info.plist;
				INFOPLIST_KEY_CFBundleDisplayName = QuotesWidget;
				INFOPLIST_KEY_NSHumanReadableCopyright = "";
				LD_RUNPATH_SEARCH_PATHS = (
					"$(inherited)",
					"@executable_path/Frameworks",
					"@executable_path/../../Frameworks",
				);
				MARKETING_VERSION = 1.0;
				PRODUCT_BUNDLE_IDENTIFIER = "com.example.apple-samplecode.Quotes.QuotesWidget";
				PRODUCT_NAME = "$(TARGET_NAME)";
				SKIP_INSTALL = YES;
				SWIFT_EMIT_LOC_STRINGS = YES;
				SWIFT_VERSION = 5.0;
				TARGETED_DEVICE_FAMILY = "1,2";
			};
			name = Release;
		};
		567DA0A02D7BDDF8000B5EB1 /* Debug */ = {
			isa = XCBuildConfiguration;
			buildSettings = {
				ALWAYS_SEARCH_USER_PATHS = NO;
				ASSETCATALOG_COMPILER_GENERATE_SWIFT_ASSET_SYMBOL_EXTENSIONS = YES;
				CLANG_ANALYZER_NONNULL = YES;
				CLANG_ANALYZER_NUMBER_OBJECT_CONVERSION = YES_AGGRESSIVE;
				CLANG_CXX_LANGUAGE_STANDARD = "gnu++20";
				CLANG_ENABLE_MODULES = YES;
				CLANG_ENABLE_OBJC_ARC = YES;
				CLANG_ENABLE_OBJC_WEAK = YES;
				CLANG_WARN_BLOCK_CAPTURE_AUTORELEASING = YES;
				CLANG_WARN_BOOL_CONVERSION = YES;
				CLANG_WARN_COMMA = YES;
				CLANG_WARN_CONSTANT_CONVERSION = YES;
				CLANG_WARN_DEPRECATED_OBJC_IMPLEMENTATIONS = YES;
				CLANG_WARN_DIRECT_OBJC_ISA_USAGE = YES_ERROR;
				CLANG_WARN_DOCUMENTATION_COMMENTS = YES;
				CLANG_WARN_EMPTY_BODY = YES;
				CLANG_WARN_ENUM_CONVERSION = YES;
				CLANG_WARN_INFINITE_RECURSION = YES;
				CLANG_WARN_INT_CONVERSION = YES;
				CLANG_WARN_NON_LITERAL_NULL_CONVERSION = YES;
				CLANG_WARN_OBJC_IMPLICIT_RETAIN_SELF = YES;
				CLANG_WARN_OBJC_LITERAL_CONVERSION = YES;
				CLANG_WARN_OBJC_ROOT_CLASS = YES_ERROR;
				CLANG_WARN_QUOTED_INCLUDE_IN_FRAMEWORK_HEADER = YES;
				CLANG_WARN_RANGE_LOOP_ANALYSIS = YES;
				CLANG_WARN_STRICT_PROTOTYPES = YES;
				CLANG_WARN_SUSPICIOUS_MOVE = YES;
				CLANG_WARN_UNGUARDED_AVAILABILITY = YES_AGGRESSIVE;
				CLANG_WARN_UNREACHABLE_CODE = YES;
				CLANG_WARN__DUPLICATE_METHOD_MATCH = YES;
				COPY_PHASE_STRIP = NO;
				DEBUG_INFORMATION_FORMAT = dwarf;
				ENABLE_STRICT_OBJC_MSGSEND = YES;
				ENABLE_TESTABILITY = YES;
				ENABLE_USER_SCRIPT_SANDBOXING = YES;
				GCC_C_LANGUAGE_STANDARD = gnu17;
				GCC_DYNAMIC_NO_PIC = NO;
				GCC_NO_COMMON_BLOCKS = YES;
				GCC_OPTIMIZATION_LEVEL = 0;
				GCC_PREPROCESSOR_DEFINITIONS = (
					"DEBUG=1",
					"$(inherited)",
				);
				GCC_WARN_64_TO_32_BIT_CONVERSION = YES;
				GCC_WARN_ABOUT_RETURN_TYPE = YES_ERROR;
				GCC_WARN_UNDECLARED_SELECTOR = YES;
				GCC_WARN_UNINITIALIZED_AUTOS = YES_AGGRESSIVE;
				GCC_WARN_UNUSED_FUNCTION = YES;
				GCC_WARN_UNUSED_VARIABLE = YES;
				IPHONEOS_DEPLOYMENT_TARGET = 18.2;
				LOCALIZATION_PREFERS_STRING_CATALOGS = YES;
				MTL_ENABLE_DEBUG_INFO = INCLUDE_SOURCE;
				MTL_FAST_MATH = YES;
				ONLY_ACTIVE_ARCH = YES;
				SDKROOT = iphoneos;
				SWIFT_ACTIVE_COMPILATION_CONDITIONS = "DEBUG $(inherited)";
				SWIFT_OPTIMIZATION_LEVEL = "-Onone";
			};
			name = Debug;
		};
		567DA0A12D7BDDF8000B5EB1 /* Release */ = {
			isa = XCBuildConfiguration;
			buildSettings = {
				ALWAYS_SEARCH_USER_PATHS = NO;
				ASSETCATALOG_COMPILER_GENERATE_SWIFT_ASSET_SYMBOL_EXTENSIONS = YES;
				CLANG_ANALYZER_NONNULL = YES;
				CLANG_ANALYZER_NUMBER_OBJECT_CONVERSION = YES_AGGRESSIVE;
				CLANG_CXX_LANGUAGE_STANDARD = "gnu++20";
				CLANG_ENABLE_MODULES = YES;
				CLANG_ENABLE_OBJC_ARC = YES;
				CLANG_ENABLE_OBJC_WEAK = YES;
				CLANG_WARN_BLOCK_CAPTURE_AUTORELEASING = YES;
				CLANG_WARN_BOOL_CONVERSION = YES;
				CLANG_WARN_COMMA = YES;
				CLANG_WARN_CONSTANT_CONVERSION = YES;
				CLANG_WARN_DEPRECATED_OBJC_IMPLEMENTATIONS = YES;
				CLANG_WARN_DIRECT_OBJC_ISA_USAGE = YES_ERROR;
				CLANG_WARN_DOCUMENTATION_COMMENTS = YES;
				CLANG_WARN_EMPTY_BODY = YES;
				CLANG_WARN_ENUM_CONVERSION = YES;
				CLANG_WARN_INFINITE_RECURSION = YES;
				CLANG_WARN_INT_CONVERSION = YES;
				CLANG_WARN_NON_LITERAL_NULL_CONVERSION = YES;
				CLANG_WARN_OBJC_IMPLICIT_RETAIN_SELF = YES;
				CLANG_WARN_OBJC_LITERAL_CONVERSION = YES;
				CLANG_WARN_OBJC_ROOT_CLASS = YES_ERROR;
				CLANG_WARN_QUOTED_INCLUDE_IN_FRAMEWORK_HEADER = YES;
				CLANG_WARN_RANGE_LOOP_ANALYSIS = YES;
				CLANG_WARN_STRICT_PROTOTYPES = YES;
				CLANG_WARN_SUSPICIOUS_MOVE = YES;
				CLANG_WARN_UNGUARDED_AVAILABILITY = YES_AGGRESSIVE;
				CLANG_WARN_UNREACHABLE_CODE = YES;
				CLANG_WARN__DUPLICATE_METHOD_MATCH = YES;
				COPY_PHASE_STRIP = NO;
				DEBUG_INFORMATION_FORMAT = "dwarf-with-dsym";
				ENABLE_NS_ASSERTIONS = NO;
				ENABLE_STRICT_OBJC_MSGSEND = YES;
				ENABLE_USER_SCRIPT_SANDBOXING = YES;
				GCC_C_LANGUAGE_STANDARD = gnu17;
				GCC_NO_COMMON_BLOCKS = YES;
				GCC_WARN_64_TO_32_BIT_CONVERSION = YES;
				GCC_WARN_ABOUT_RETURN_TYPE = YES_ERROR;
				GCC_WARN_UNDECLARED_SELECTOR = YES;
				GCC_WARN_UNINITIALIZED_AUTOS = YES_AGGRESSIVE;
				GCC_WARN_UNUSED_FUNCTION = YES;
				GCC_WARN_UNUSED_VARIABLE = YES;
				IPHONEOS_DEPLOYMENT_TARGET = 18.2;
				LOCALIZATION_PREFERS_STRING_CATALOGS = YES;
				MTL_ENABLE_DEBUG_INFO = NO;
				MTL_FAST_MATH = YES;
				SDKROOT = iphoneos;
				SWIFT_COMPILATION_MODE = wholemodule;
				VALIDATE_PRODUCT = YES;
			};
			name = Release;
		};
		567DA0A32D7BDDF8000B5EB1 /* Debug */ = {
			isa = XCBuildConfiguration;
			buildSettings = {
				ASSETCATALOG_COMPILER_APPICON_NAME = AppIcon;
				ASSETCATALOG_COMPILER_GLOBAL_ACCENT_COLOR_NAME = AccentColor;
				CODE_SIGN_ENTITLEMENTS = Quotes/Quotes.entitlements;
				CODE_SIGN_STYLE = Automatic;
				CURRENT_PROJECT_VERSION = 1;
				DEVELOPMENT_ASSET_PATHS = "\"Quotes/Preview Content\"";
				DEVELOPMENT_TEAM = Z82A448TD7;
				ENABLE_PREVIEWS = YES;
				GENERATE_INFOPLIST_FILE = YES;
				INFOPLIST_FILE = Quotes/Info.plist;
				INFOPLIST_KEY_UIApplicationSceneManifest_Generation = YES;
				INFOPLIST_KEY_UIApplicationSupportsIndirectInputEvents = YES;
				INFOPLIST_KEY_UILaunchScreen_Generation = YES;
				INFOPLIST_KEY_UISupportedInterfaceOrientations_iPad = "UIInterfaceOrientationPortrait UIInterfaceOrientationPortraitUpsideDown UIInterfaceOrientationLandscapeLeft UIInterfaceOrientationLandscapeRight";
				INFOPLIST_KEY_UISupportedInterfaceOrientations_iPhone = "UIInterfaceOrientationPortrait UIInterfaceOrientationLandscapeLeft UIInterfaceOrientationLandscapeRight";
				LD_RUNPATH_SEARCH_PATHS = (
					"$(inherited)",
					"@executable_path/Frameworks",
				);
				MARKETING_VERSION = 1.0;
				PRODUCT_BUNDLE_IDENTIFIER = "com.example.apple-samplecode.Quotes";
				PRODUCT_NAME = "$(TARGET_NAME)";
				SWIFT_EMIT_LOC_STRINGS = YES;
				SWIFT_VERSION = 5.0;
				TARGETED_DEVICE_FAMILY = "1,2";
			};
			name = Debug;
		};
		567DA0A42D7BDDF8000B5EB1 /* Release */ = {
			isa = XCBuildConfiguration;
			buildSettings = {
				ASSETCATALOG_COMPILER_APPICON_NAME = AppIcon;
				ASSETCATALOG_COMPILER_GLOBAL_ACCENT_COLOR_NAME = AccentColor;
				CODE_SIGN_ENTITLEMENTS = Quotes/Quotes.entitlements;
				CODE_SIGN_STYLE = Automatic;
				CURRENT_PROJECT_VERSION = 1;
				DEVELOPMENT_ASSET_PATHS = "\"Quotes/Preview Content\"";
				DEVELOPMENT_TEAM = Z82A448TD7;
				ENABLE_PREVIEWS = YES;
				GENERATE_INFOPLIST_FILE = YES;
				INFOPLIST_FILE = Quotes/Info.plist;
				INFOPLIST_KEY_UIApplicationSceneManifest_Generation = YES;
				INFOPLIST_KEY_UIApplicationSupportsIndirectInputEvents = YES;
				INFOPLIST_KEY_UILaunchScreen_Generation = YES;
				INFOPLIST_KEY_UISupportedInterfaceOrientations_iPad = "UIInterfaceOrientationPortrait UIInterfaceOrientationPortraitUpsideDown UIInterfaceOrientationLandscapeLeft UIInterfaceOrientationLandscapeRight";
				INFOPLIST_KEY_UISupportedInterfaceOrientations_iPhone = "UIInterfaceOrientationPortrait UIInterfaceOrientationLandscapeLeft UIInterfaceOrientationLandscapeRight";
				LD_RUNPATH_SEARCH_PATHS = (
					"$(inherited)",
					"@executable_path/Frameworks",
				);
				MARKETING_VERSION = 1.0;
				PRODUCT_BUNDLE_IDENTIFIER = "com.example.apple-samplecode.Quotes";
				PRODUCT_NAME = "$(TARGET_NAME)";
				SWIFT_EMIT_LOC_STRINGS = YES;
				SWIFT_VERSION = 5.0;
				TARGETED_DEVICE_FAMILY = "1,2";
			};
			name = Release;
		};
		567DA0A62D7BDDF8000B5EB1 /* Debug */ = {
			isa = XCBuildConfiguration;
			buildSettings = {
				BUNDLE_LOADER = "$(TEST_HOST)";
				CODE_SIGN_STYLE = Automatic;
				CURRENT_PROJECT_VERSION = 1;
				GENERATE_INFOPLIST_FILE = YES;
				IPHONEOS_DEPLOYMENT_TARGET = 18.2;
				MARKETING_VERSION = 1.0;
				PRODUCT_BUNDLE_IDENTIFIER = "com.example.apple-samplecode.QuotesTests";
				PRODUCT_NAME = "$(TARGET_NAME)";
				SWIFT_EMIT_LOC_STRINGS = NO;
				SWIFT_VERSION = 5.0;
				TARGETED_DEVICE_FAMILY = "1,2";
				TEST_HOST = "$(BUILT_PRODUCTS_DIR)/Quotes.app/$(BUNDLE_EXECUTABLE_FOLDER_PATH)/Quotes";
			};
			name = Debug;
		};
		567DA0A72D7BDDF8000B5EB1 /* Release */ = {
			isa = XCBuildConfiguration;
			buildSettings = {
				BUNDLE_LOADER = "$(TEST_HOST)";
				CODE_SIGN_STYLE = Automatic;
				CURRENT_PROJECT_VERSION = 1;
				GENERATE_INFOPLIST_FILE = YES;
				IPHONEOS_DEPLOYMENT_TARGET = 18.2;
				MARKETING_VERSION = 1.0;
				PRODUCT_BUNDLE_IDENTIFIER = "com.example.apple-samplecode.QuotesTests";
				PRODUCT_NAME = "$(TARGET_NAME)";
				SWIFT_EMIT_LOC_STRINGS = NO;
				SWIFT_VERSION = 5.0;
				TARGETED_DEVICE_FAMILY = "1,2";
				TEST_HOST = "$(BUILT_PRODUCTS_DIR)/Quotes.app/$(BUNDLE_EXECUTABLE_FOLDER_PATH)/Quotes";
			};
			name = Release;
		};
		567DA0A92D7BDDF8000B5EB1 /* Debug */ = {
			isa = XCBuildConfiguration;
			buildSettings = {
				CODE_SIGN_STYLE = Automatic;
				CURRENT_PROJECT_VERSION = 1;
				GENERATE_INFOPLIST_FILE = YES;
				MARKETING_VERSION = 1.0;
				PRODUCT_BUNDLE_IDENTIFIER = "com.example.apple-samplecode.QuotesUITests";
				PRODUCT_NAME = "$(TARGET_NAME)";
				SWIFT_EMIT_LOC_STRINGS = NO;
				SWIFT_VERSION = 5.0;
				TARGETED_DEVICE_FAMILY = "1,2";
				TEST_TARGET_NAME = Quotes;
			};
			name = Debug;
		};
		567DA0AA2D7BDDF8000B5EB1 /* Release */ = {
			isa = XCBuildConfiguration;
			buildSettings = {
				CODE_SIGN_STYLE = Automatic;
				CURRENT_PROJECT_VERSION = 1;
				GENERATE_INFOPLIST_FILE = YES;
				MARKETING_VERSION = 1.0;
				PRODUCT_BUNDLE_IDENTIFIER = "com.example.apple-samplecode.QuotesUITests";
				PRODUCT_NAME = "$(TARGET_NAME)";
				SWIFT_EMIT_LOC_STRINGS = NO;
				SWIFT_VERSION = 5.0;
				TARGETED_DEVICE_FAMILY = "1,2";
				TEST_TARGET_NAME = Quotes;
			};
			name = Release;
		};
/* End XCBuildConfiguration section */

/* Begin XCConfigurationList section */
		566155372D7E535600065CCD /* Build configuration list for PBXNativeTarget "QuotesWidgetExtension" */ = {
			isa = XCConfigurationList;
			buildConfigurations = (
				566155352D7E535600065CCD /* Debug */,
				566155362D7E535600065CCD /* Release */,
			);
			defaultConfigurationIsVisible = 0;
			defaultConfigurationName = Release;
		};
		567DA0792D7BDDF4000B5EB1 /* Build configuration list for PBXProject "Quotes" */ = {
			isa = XCConfigurationList;
			buildConfigurations = (
				567DA0A02D7BDDF8000B5EB1 /* Debug */,
				567DA0A12D7BDDF8000B5EB1 /* Release */,
			);
			defaultConfigurationIsVisible = 0;
			defaultConfigurationName = Release;
		};
		567DA0A22D7BDDF8000B5EB1 /* Build configuration list for PBXNativeTarget "Quotes" */ = {
			isa = XCConfigurationList;
			buildConfigurations = (
				567DA0A32D7BDDF8000B5EB1 /* Debug */,
				567DA0A42D7BDDF8000B5EB1 /* Release */,
			);
			defaultConfigurationIsVisible = 0;
			defaultConfigurationName = Release;
		};
		567DA0A52D7BDDF8000B5EB1 /* Build configuration list for PBXNativeTarget "QuotesTests" */ = {
			isa = XCConfigurationList;
			buildConfigurations = (
				567DA0A62D7BDDF8000B5EB1 /* Debug */,
				567DA0A72D7BDDF8000B5EB1 /* Release */,
			);
			defaultConfigurationIsVisible = 0;
			defaultConfigurationName = Release;
		};
		567DA0A82D7BDDF8000B5EB1 /* Build configuration list for PBXNativeTarget "QuotesUITests" */ = {
			isa = XCConfigurationList;
			buildConfigurations = (
				567DA0A92D7BDDF8000B5EB1 /* Debug */,
				567DA0AA2D7BDDF8000B5EB1 /* Release */,
			);
			defaultConfigurationIsVisible = 0;
			defaultConfigurationName = Release;
		};
/* End XCConfigurationList section */
	};
	rootObject = 567DA0762D7BDDF4000B5EB1 /* Project object */;
}
